// !$*UTF8*$!
{
	archiveVersion = 1;
	classes = {
	};
	objectVersion = 46;
	objects = {

/* Begin PBXBuildFile section */
		721847B51BD7B60D004CAC70 /* AppDelegate.swift in Sources */ = {isa = PBXBuildFile; fileRef = 721847B41BD7B60D004CAC70 /* AppDelegate.swift */; };
		721847B71BD7B60D004CAC70 /* TextViewController.swift in Sources */ = {isa = PBXBuildFile; fileRef = 721847B61BD7B60D004CAC70 /* TextViewController.swift */; };
		721847BD1BD7B60D004CAC70 /* healthTexter.xcdatamodeld in Sources */ = {isa = PBXBuildFile; fileRef = 721847BB1BD7B60D004CAC70 /* healthTexter.xcdatamodeld */; };
		721847BF1BD7B60D004CAC70 /* Assets.xcassets in Resources */ = {isa = PBXBuildFile; fileRef = 721847BE1BD7B60D004CAC70 /* Assets.xcassets */; };
		721847C21BD7B60D004CAC70 /* LaunchScreen.storyboard in Resources */ = {isa = PBXBuildFile; fileRef = 721847C01BD7B60D004CAC70 /* LaunchScreen.storyboard */; };
		721847CD1BD7B60D004CAC70 /* healthTexterTests.swift in Sources */ = {isa = PBXBuildFile; fileRef = 721847CC1BD7B60D004CAC70 /* healthTexterTests.swift */; };
		721847D81BD7B60D004CAC70 /* healthTexterUITests.swift in Sources */ = {isa = PBXBuildFile; fileRef = 721847D71BD7B60D004CAC70 /* healthTexterUITests.swift */; };
		721847E61BD7BAA0004CAC70 /* ProgressViewController.swift in Sources */ = {isa = PBXBuildFile; fileRef = 721847E51BD7BAA0004CAC70 /* ProgressViewController.swift */; };
		721847E71BD7BAA0004CAC70 /* ProgressViewController.swift in Sources */ = {isa = PBXBuildFile; fileRef = 721847E51BD7BAA0004CAC70 /* ProgressViewController.swift */; };
		721847E81BD7BAA0004CAC70 /* ProgressViewController.swift in Sources */ = {isa = PBXBuildFile; fileRef = 721847E51BD7BAA0004CAC70 /* ProgressViewController.swift */; };
		721847EA1BD80A70004CAC70 /* HistoryViewController.swift in Sources */ = {isa = PBXBuildFile; fileRef = 721847E91BD80A70004CAC70 /* HistoryViewController.swift */; };
		721847EB1BD80A70004CAC70 /* HistoryViewController.swift in Sources */ = {isa = PBXBuildFile; fileRef = 721847E91BD80A70004CAC70 /* HistoryViewController.swift */; };
		721847EC1BD80A70004CAC70 /* HistoryViewController.swift in Sources */ = {isa = PBXBuildFile; fileRef = 721847E91BD80A70004CAC70 /* HistoryViewController.swift */; };
		72190F611C6DCF1900168C80 /* HistoryViewCell.swift in Sources */ = {isa = PBXBuildFile; fileRef = 72190F601C6DCF1900168C80 /* HistoryViewCell.swift */; };
		72190F621C6DCF1900168C80 /* HistoryViewCell.swift in Sources */ = {isa = PBXBuildFile; fileRef = 72190F601C6DCF1900168C80 /* HistoryViewCell.swift */; };
		72190F631C6DCF1900168C80 /* HistoryViewCell.swift in Sources */ = {isa = PBXBuildFile; fileRef = 72190F601C6DCF1900168C80 /* HistoryViewCell.swift */; };
		72241C2A1C78B50A00345B20 /* ProgressView.swift in Sources */ = {isa = PBXBuildFile; fileRef = 72241C291C78B50A00345B20 /* ProgressView.swift */; };
		72241C2B1C78B50A00345B20 /* ProgressView.swift in Sources */ = {isa = PBXBuildFile; fileRef = 72241C291C78B50A00345B20 /* ProgressView.swift */; };
		72241C2C1C78B50A00345B20 /* ProgressView.swift in Sources */ = {isa = PBXBuildFile; fileRef = 72241C291C78B50A00345B20 /* ProgressView.swift */; };
		723573E61BEE8883008F8DF0 /* Main.storyboard in Resources */ = {isa = PBXBuildFile; fileRef = 723573E51BEE8883008F8DF0 /* Main.storyboard */; };
		723573E81BEE9725008F8DF0 /* RanksViewController.swift in Sources */ = {isa = PBXBuildFile; fileRef = 723573E71BEE9725008F8DF0 /* RanksViewController.swift */; };
		723573EA1BEE984D008F8DF0 /* StartViewController.swift in Sources */ = {isa = PBXBuildFile; fileRef = 723573E91BEE984D008F8DF0 /* StartViewController.swift */; };
		72460E081C38352D00AAD584 /* Date.swift in Sources */ = {isa = PBXBuildFile; fileRef = 72460E071C38352D00AAD584 /* Date.swift */; };
		724667241C4A90D0002BB6F9 /* ProgressViewControllerExtension.swift in Sources */ = {isa = PBXBuildFile; fileRef = 724667231C4A90D0002BB6F9 /* ProgressViewControllerExtension.swift */; };
		724667251C4A90D0002BB6F9 /* ProgressViewControllerExtension.swift in Sources */ = {isa = PBXBuildFile; fileRef = 724667231C4A90D0002BB6F9 /* ProgressViewControllerExtension.swift */; };
		724667261C4A90D0002BB6F9 /* ProgressViewControllerExtension.swift in Sources */ = {isa = PBXBuildFile; fileRef = 724667231C4A90D0002BB6F9 /* ProgressViewControllerExtension.swift */; };
		725783F71C40FD320098F5BD /* Entry.swift in Sources */ = {isa = PBXBuildFile; fileRef = 725783F61C40FD320098F5BD /* Entry.swift */; };
		725783F81C40FD320098F5BD /* Entry.swift in Sources */ = {isa = PBXBuildFile; fileRef = 725783F61C40FD320098F5BD /* Entry.swift */; };
		725783F91C40FD320098F5BD /* Entry.swift in Sources */ = {isa = PBXBuildFile; fileRef = 725783F61C40FD320098F5BD /* Entry.swift */; };
		725783FB1C40FF760098F5BD /* CoreDataStackManager.swift in Sources */ = {isa = PBXBuildFile; fileRef = 725783FA1C40FF760098F5BD /* CoreDataStackManager.swift */; };
		725783FC1C40FF760098F5BD /* CoreDataStackManager.swift in Sources */ = {isa = PBXBuildFile; fileRef = 725783FA1C40FF760098F5BD /* CoreDataStackManager.swift */; };
		725783FD1C40FF760098F5BD /* CoreDataStackManager.swift in Sources */ = {isa = PBXBuildFile; fileRef = 725783FA1C40FF760098F5BD /* CoreDataStackManager.swift */; };
		726370821C44223600CA037E /* PainView.swift in Sources */ = {isa = PBXBuildFile; fileRef = 726370811C44223600CA037E /* PainView.swift */; };
		726370851C44246400CA037E /* PainView.swift in Sources */ = {isa = PBXBuildFile; fileRef = 726370811C44223600CA037E /* PainView.swift */; };
		726370861C44246500CA037E /* PainView.swift in Sources */ = {isa = PBXBuildFile; fileRef = 726370811C44223600CA037E /* PainView.swift */; };
		727850A81C402CCF00481031 /* Constants.swift in Sources */ = {isa = PBXBuildFile; fileRef = 728088461C3848F000F55673 /* Constants.swift */; };
		727850A91C402CD000481031 /* Constants.swift in Sources */ = {isa = PBXBuildFile; fileRef = 728088461C3848F000F55673 /* Constants.swift */; };
		727850AA1C402CD300481031 /* TextViewController.swift in Sources */ = {isa = PBXBuildFile; fileRef = 721847B61BD7B60D004CAC70 /* TextViewController.swift */; };
		727850AB1C402CD400481031 /* TextViewController.swift in Sources */ = {isa = PBXBuildFile; fileRef = 721847B61BD7B60D004CAC70 /* TextViewController.swift */; };
		727850AC1C402CD700481031 /* StartViewController.swift in Sources */ = {isa = PBXBuildFile; fileRef = 723573E91BEE984D008F8DF0 /* StartViewController.swift */; };
		727850AD1C402CD800481031 /* StartViewController.swift in Sources */ = {isa = PBXBuildFile; fileRef = 723573E91BEE984D008F8DF0 /* StartViewController.swift */; };
		727850AE1C402CDB00481031 /* RanksViewController.swift in Sources */ = {isa = PBXBuildFile; fileRef = 723573E71BEE9725008F8DF0 /* RanksViewController.swift */; };
		727850AF1C402CDC00481031 /* RanksViewController.swift in Sources */ = {isa = PBXBuildFile; fileRef = 723573E71BEE9725008F8DF0 /* RanksViewController.swift */; };
		727850B01C402CEA00481031 /* Theme.swift in Sources */ = {isa = PBXBuildFile; fileRef = 72B195B21C3EDBB9005DC5D1 /* Theme.swift */; };
		727850B11C402CEB00481031 /* Theme.swift in Sources */ = {isa = PBXBuildFile; fileRef = 72B195B21C3EDBB9005DC5D1 /* Theme.swift */; };
		727850B21C402CEE00481031 /* Date.swift in Sources */ = {isa = PBXBuildFile; fileRef = 72460E071C38352D00AAD584 /* Date.swift */; };
		727850B31C402CEF00481031 /* Date.swift in Sources */ = {isa = PBXBuildFile; fileRef = 72460E071C38352D00AAD584 /* Date.swift */; };
		728088471C3848F000F55673 /* Constants.swift in Sources */ = {isa = PBXBuildFile; fileRef = 728088461C3848F000F55673 /* Constants.swift */; };
		7287ED6D1C527E2300DD057F /* Notification.swift in Sources */ = {isa = PBXBuildFile; fileRef = 7287ED6C1C527E2300DD057F /* Notification.swift */; };
		7287ED6E1C527E2300DD057F /* Notification.swift in Sources */ = {isa = PBXBuildFile; fileRef = 7287ED6C1C527E2300DD057F /* Notification.swift */; };
		7287ED6F1C527E2300DD057F /* Notification.swift in Sources */ = {isa = PBXBuildFile; fileRef = 7287ED6C1C527E2300DD057F /* Notification.swift */; };
		72A239F21BD94750006F0436 /* HistoryEntryViewController.swift in Sources */ = {isa = PBXBuildFile; fileRef = 72A239F11BD94750006F0436 /* HistoryEntryViewController.swift */; };
		72A239F31BD94750006F0436 /* HistoryEntryViewController.swift in Sources */ = {isa = PBXBuildFile; fileRef = 72A239F11BD94750006F0436 /* HistoryEntryViewController.swift */; };
		72A239F41BD94750006F0436 /* HistoryEntryViewController.swift in Sources */ = {isa = PBXBuildFile; fileRef = 72A239F11BD94750006F0436 /* HistoryEntryViewController.swift */; };
		72AC3E901C8A17FD0024F7DE /* IAPHelper.swift in Sources */ = {isa = PBXBuildFile; fileRef = 72AC3E8F1C8A17FD0024F7DE /* IAPHelper.swift */; };
		72AC3E911C8A17FD0024F7DE /* IAPHelper.swift in Sources */ = {isa = PBXBuildFile; fileRef = 72AC3E8F1C8A17FD0024F7DE /* IAPHelper.swift */; };
		72AC3E921C8A17FD0024F7DE /* IAPHelper.swift in Sources */ = {isa = PBXBuildFile; fileRef = 72AC3E8F1C8A17FD0024F7DE /* IAPHelper.swift */; };
		72AC3E941C8B574B0024F7DE /* IAPProducts.swift in Sources */ = {isa = PBXBuildFile; fileRef = 72AC3E931C8B574B0024F7DE /* IAPProducts.swift */; };
		72AC3E951C8B574B0024F7DE /* IAPProducts.swift in Sources */ = {isa = PBXBuildFile; fileRef = 72AC3E931C8B574B0024F7DE /* IAPProducts.swift */; };
		72AC3E961C8B574B0024F7DE /* IAPProducts.swift in Sources */ = {isa = PBXBuildFile; fileRef = 72AC3E931C8B574B0024F7DE /* IAPProducts.swift */; };
		72B195B31C3EDBB9005DC5D1 /* Theme.swift in Sources */ = {isa = PBXBuildFile; fileRef = 72B195B21C3EDBB9005DC5D1 /* Theme.swift */; };
		72DD911B1C4AACF500E35657 /* SleepView.swift in Sources */ = {isa = PBXBuildFile; fileRef = 72DD911A1C4AACF500E35657 /* SleepView.swift */; };
		72DD911C1C4AACF500E35657 /* SleepView.swift in Sources */ = {isa = PBXBuildFile; fileRef = 72DD911A1C4AACF500E35657 /* SleepView.swift */; };
		72DD911D1C4AACF500E35657 /* SleepView.swift in Sources */ = {isa = PBXBuildFile; fileRef = 72DD911A1C4AACF500E35657 /* SleepView.swift */; };
		72DD911F1C4AAD8E00E35657 /* FunctionalityView.swift in Sources */ = {isa = PBXBuildFile; fileRef = 72DD911E1C4AAD8E00E35657 /* FunctionalityView.swift */; };
		72DD91201C4AAD8E00E35657 /* FunctionalityView.swift in Sources */ = {isa = PBXBuildFile; fileRef = 72DD911E1C4AAD8E00E35657 /* FunctionalityView.swift */; };
		72DD91211C4AAD8E00E35657 /* FunctionalityView.swift in Sources */ = {isa = PBXBuildFile; fileRef = 72DD911E1C4AAD8E00E35657 /* FunctionalityView.swift */; };
		72F5C9E11C52AA17003B5EEF /* PreferencesViewController.swift in Sources */ = {isa = PBXBuildFile; fileRef = 72F5C9E01C52AA17003B5EEF /* PreferencesViewController.swift */; };
		72F5C9E21C52AA17003B5EEF /* PreferencesViewController.swift in Sources */ = {isa = PBXBuildFile; fileRef = 72F5C9E01C52AA17003B5EEF /* PreferencesViewController.swift */; };
		72F5C9E31C52AA17003B5EEF /* PreferencesViewController.swift in Sources */ = {isa = PBXBuildFile; fileRef = 72F5C9E01C52AA17003B5EEF /* PreferencesViewController.swift */; };
/* End PBXBuildFile section */

/* Begin PBXContainerItemProxy section */
		721847C91BD7B60D004CAC70 /* PBXContainerItemProxy */ = {
			isa = PBXContainerItemProxy;
			containerPortal = 721847A91BD7B60D004CAC70 /* Project object */;
			proxyType = 1;
			remoteGlobalIDString = 721847B01BD7B60D004CAC70;
			remoteInfo = healthTexter;
		};
		721847D41BD7B60D004CAC70 /* PBXContainerItemProxy */ = {
			isa = PBXContainerItemProxy;
			containerPortal = 721847A91BD7B60D004CAC70 /* Project object */;
			proxyType = 1;
			remoteGlobalIDString = 721847B01BD7B60D004CAC70;
			remoteInfo = healthTexter;
		};
/* End PBXContainerItemProxy section */

/* Begin PBXFileReference section */
		721847B11BD7B60D004CAC70 /* healthTexter.app */ = {isa = PBXFileReference; explicitFileType = wrapper.application; includeInIndex = 0; path = healthTexter.app; sourceTree = BUILT_PRODUCTS_DIR; };
		721847B41BD7B60D004CAC70 /* AppDelegate.swift */ = {isa = PBXFileReference; lastKnownFileType = sourcecode.swift; path = AppDelegate.swift; sourceTree = "<group>"; };
		721847B61BD7B60D004CAC70 /* TextViewController.swift */ = {isa = PBXFileReference; lastKnownFileType = sourcecode.swift; path = TextViewController.swift; sourceTree = "<group>"; };
		721847BC1BD7B60D004CAC70 /* healthTexter.xcdatamodel */ = {isa = PBXFileReference; lastKnownFileType = wrapper.xcdatamodel; path = healthTexter.xcdatamodel; sourceTree = "<group>"; };
		721847BE1BD7B60D004CAC70 /* Assets.xcassets */ = {isa = PBXFileReference; lastKnownFileType = folder.assetcatalog; path = Assets.xcassets; sourceTree = "<group>"; };
		721847C11BD7B60D004CAC70 /* Base */ = {isa = PBXFileReference; lastKnownFileType = file.storyboard; name = Base; path = Base.lproj/LaunchScreen.storyboard; sourceTree = "<group>"; };
		721847C31BD7B60D004CAC70 /* Info.plist */ = {isa = PBXFileReference; lastKnownFileType = text.plist.xml; path = Info.plist; sourceTree = "<group>"; };
		721847C81BD7B60D004CAC70 /* healthTexterTests.xctest */ = {isa = PBXFileReference; explicitFileType = wrapper.cfbundle; includeInIndex = 0; path = healthTexterTests.xctest; sourceTree = BUILT_PRODUCTS_DIR; };
		721847CC1BD7B60D004CAC70 /* healthTexterTests.swift */ = {isa = PBXFileReference; lastKnownFileType = sourcecode.swift; path = healthTexterTests.swift; sourceTree = "<group>"; };
		721847CE1BD7B60D004CAC70 /* Info.plist */ = {isa = PBXFileReference; lastKnownFileType = text.plist.xml; path = Info.plist; sourceTree = "<group>"; };
		721847D31BD7B60D004CAC70 /* healthTexterUITests.xctest */ = {isa = PBXFileReference; explicitFileType = wrapper.cfbundle; includeInIndex = 0; path = healthTexterUITests.xctest; sourceTree = BUILT_PRODUCTS_DIR; };
		721847D71BD7B60D004CAC70 /* healthTexterUITests.swift */ = {isa = PBXFileReference; lastKnownFileType = sourcecode.swift; path = healthTexterUITests.swift; sourceTree = "<group>"; };
		721847D91BD7B60D004CAC70 /* Info.plist */ = {isa = PBXFileReference; lastKnownFileType = text.plist.xml; path = Info.plist; sourceTree = "<group>"; };
		721847E51BD7BAA0004CAC70 /* ProgressViewController.swift */ = {isa = PBXFileReference; fileEncoding = 4; lastKnownFileType = sourcecode.swift; path = ProgressViewController.swift; sourceTree = "<group>"; };
		721847E91BD80A70004CAC70 /* HistoryViewController.swift */ = {isa = PBXFileReference; fileEncoding = 4; lastKnownFileType = sourcecode.swift; path = HistoryViewController.swift; sourceTree = "<group>"; };
		72190F601C6DCF1900168C80 /* HistoryViewCell.swift */ = {isa = PBXFileReference; fileEncoding = 4; lastKnownFileType = sourcecode.swift; path = HistoryViewCell.swift; sourceTree = "<group>"; };
		72241C291C78B50A00345B20 /* ProgressView.swift */ = {isa = PBXFileReference; fileEncoding = 4; lastKnownFileType = sourcecode.swift; path = ProgressView.swift; sourceTree = "<group>"; };
		723573E51BEE8883008F8DF0 /* Main.storyboard */ = {isa = PBXFileReference; fileEncoding = 4; lastKnownFileType = file.storyboard; path = Main.storyboard; sourceTree = "<group>"; };
		723573E71BEE9725008F8DF0 /* RanksViewController.swift */ = {isa = PBXFileReference; fileEncoding = 4; lastKnownFileType = sourcecode.swift; path = RanksViewController.swift; sourceTree = "<group>"; };
		723573E91BEE984D008F8DF0 /* StartViewController.swift */ = {isa = PBXFileReference; fileEncoding = 4; lastKnownFileType = sourcecode.swift; path = StartViewController.swift; sourceTree = "<group>"; };
		72460E071C38352D00AAD584 /* Date.swift */ = {isa = PBXFileReference; fileEncoding = 4; lastKnownFileType = sourcecode.swift; path = Date.swift; sourceTree = "<group>"; };
		724667231C4A90D0002BB6F9 /* ProgressViewControllerExtension.swift */ = {isa = PBXFileReference; fileEncoding = 4; lastKnownFileType = sourcecode.swift; path = ProgressViewControllerExtension.swift; sourceTree = "<group>"; };
		725783F61C40FD320098F5BD /* Entry.swift */ = {isa = PBXFileReference; fileEncoding = 4; lastKnownFileType = sourcecode.swift; path = Entry.swift; sourceTree = "<group>"; };
		725783FA1C40FF760098F5BD /* CoreDataStackManager.swift */ = {isa = PBXFileReference; fileEncoding = 4; lastKnownFileType = sourcecode.swift; path = CoreDataStackManager.swift; sourceTree = "<group>"; };
		726370811C44223600CA037E /* PainView.swift */ = {isa = PBXFileReference; fileEncoding = 4; lastKnownFileType = sourcecode.swift; path = PainView.swift; sourceTree = "<group>"; };
		728088461C3848F000F55673 /* Constants.swift */ = {isa = PBXFileReference; fileEncoding = 4; lastKnownFileType = sourcecode.swift; path = Constants.swift; sourceTree = "<group>"; };
		7287ED6C1C527E2300DD057F /* Notification.swift */ = {isa = PBXFileReference; fileEncoding = 4; lastKnownFileType = sourcecode.swift; path = Notification.swift; sourceTree = "<group>"; };
		72A239F11BD94750006F0436 /* HistoryEntryViewController.swift */ = {isa = PBXFileReference; fileEncoding = 4; lastKnownFileType = sourcecode.swift; path = HistoryEntryViewController.swift; sourceTree = "<group>"; };
		72AC3E8F1C8A17FD0024F7DE /* IAPHelper.swift */ = {isa = PBXFileReference; fileEncoding = 4; lastKnownFileType = sourcecode.swift; path = IAPHelper.swift; sourceTree = "<group>"; };
		72AC3E931C8B574B0024F7DE /* IAPProducts.swift */ = {isa = PBXFileReference; fileEncoding = 4; lastKnownFileType = sourcecode.swift; path = IAPProducts.swift; sourceTree = "<group>"; };
		72B195B21C3EDBB9005DC5D1 /* Theme.swift */ = {isa = PBXFileReference; fileEncoding = 4; lastKnownFileType = sourcecode.swift; path = Theme.swift; sourceTree = "<group>"; };
		72DD911A1C4AACF500E35657 /* SleepView.swift */ = {isa = PBXFileReference; fileEncoding = 4; lastKnownFileType = sourcecode.swift; path = SleepView.swift; sourceTree = "<group>"; };
		72DD911E1C4AAD8E00E35657 /* FunctionalityView.swift */ = {isa = PBXFileReference; fileEncoding = 4; lastKnownFileType = sourcecode.swift; path = FunctionalityView.swift; sourceTree = "<group>"; };
		72F5C9E01C52AA17003B5EEF /* PreferencesViewController.swift */ = {isa = PBXFileReference; fileEncoding = 4; lastKnownFileType = sourcecode.swift; path = PreferencesViewController.swift; sourceTree = "<group>"; };
/* End PBXFileReference section */

/* Begin PBXFrameworksBuildPhase section */
		721847AE1BD7B60D004CAC70 /* Frameworks */ = {
			isa = PBXFrameworksBuildPhase;
			buildActionMask = 2147483647;
			files = (
			);
			runOnlyForDeploymentPostprocessing = 0;
		};
		721847C51BD7B60D004CAC70 /* Frameworks */ = {
			isa = PBXFrameworksBuildPhase;
			buildActionMask = 2147483647;
			files = (
			);
			runOnlyForDeploymentPostprocessing = 0;
		};
		721847D01BD7B60D004CAC70 /* Frameworks */ = {
			isa = PBXFrameworksBuildPhase;
			buildActionMask = 2147483647;
			files = (
			);
			runOnlyForDeploymentPostprocessing = 0;
		};
/* End PBXFrameworksBuildPhase section */

/* Begin PBXGroup section */
		721847A81BD7B60D004CAC70 = {
			isa = PBXGroup;
			children = (
				721847B31BD7B60D004CAC70 /* healthTexter */,
				721847CB1BD7B60D004CAC70 /* healthTexterTests */,
				721847D61BD7B60D004CAC70 /* healthTexterUITests */,
				721847B21BD7B60D004CAC70 /* Products */,
			);
			sourceTree = "<group>";
		};
		721847B21BD7B60D004CAC70 /* Products */ = {
			isa = PBXGroup;
			children = (
				721847B11BD7B60D004CAC70 /* healthTexter.app */,
				721847C81BD7B60D004CAC70 /* healthTexterTests.xctest */,
				721847D31BD7B60D004CAC70 /* healthTexterUITests.xctest */,
			);
			name = Products;
			sourceTree = "<group>";
		};
		721847B31BD7B60D004CAC70 /* healthTexter */ = {
			isa = PBXGroup;
			children = (
				721847B41BD7B60D004CAC70 /* AppDelegate.swift */,
				725783FA1C40FF760098F5BD /* CoreDataStackManager.swift */,
				726370801C44221100CA037E /* View */,
				72460E041C38344C00AAD584 /* Controllers */,
				72460E061C3834B400AAD584 /* Model */,
				72460E051C38348E00AAD584 /* SupportingFiles */,
			);
			path = healthTexter;
			sourceTree = "<group>";
		};
		721847CB1BD7B60D004CAC70 /* healthTexterTests */ = {
			isa = PBXGroup;
			children = (
				721847CC1BD7B60D004CAC70 /* healthTexterTests.swift */,
				721847CE1BD7B60D004CAC70 /* Info.plist */,
			);
			path = healthTexterTests;
			sourceTree = "<group>";
		};
		721847D61BD7B60D004CAC70 /* healthTexterUITests */ = {
			isa = PBXGroup;
			children = (
				721847D71BD7B60D004CAC70 /* healthTexterUITests.swift */,
				721847D91BD7B60D004CAC70 /* Info.plist */,
			);
			path = healthTexterUITests;
			sourceTree = "<group>";
		};
		72460E041C38344C00AAD584 /* Controllers */ = {
			isa = PBXGroup;
			children = (
				723573E91BEE984D008F8DF0 /* StartViewController.swift */,
				721847B61BD7B60D004CAC70 /* TextViewController.swift */,
				723573E71BEE9725008F8DF0 /* RanksViewController.swift */,
				721847E51BD7BAA0004CAC70 /* ProgressViewController.swift */,
				724667231C4A90D0002BB6F9 /* ProgressViewControllerExtension.swift */,
				721847E91BD80A70004CAC70 /* HistoryViewController.swift */,
				72190F601C6DCF1900168C80 /* HistoryViewCell.swift */,
				72A239F11BD94750006F0436 /* HistoryEntryViewController.swift */,
				72F5C9E01C52AA17003B5EEF /* PreferencesViewController.swift */,
			);
			name = Controllers;
			sourceTree = "<group>";
		};
		72460E051C38348E00AAD584 /* SupportingFiles */ = {
			isa = PBXGroup;
			children = (
				721847BE1BD7B60D004CAC70 /* Assets.xcassets */,
				723573E51BEE8883008F8DF0 /* Main.storyboard */,
				721847C01BD7B60D004CAC70 /* LaunchScreen.storyboard */,
				721847C31BD7B60D004CAC70 /* Info.plist */,
				721847BB1BD7B60D004CAC70 /* healthTexter.xcdatamodeld */,
			);
			name = SupportingFiles;
			sourceTree = "<group>";
		};
		72460E061C3834B400AAD584 /* Model */ = {
			isa = PBXGroup;
			children = (
				728088461C3848F000F55673 /* Constants.swift */,
				7287ED6C1C527E2300DD057F /* Notification.swift */,
				72B195B21C3EDBB9005DC5D1 /* Theme.swift */,
				72460E071C38352D00AAD584 /* Date.swift */,
				725783F61C40FD320098F5BD /* Entry.swift */,
				72AC3E8F1C8A17FD0024F7DE /* IAPHelper.swift */,
				72AC3E931C8B574B0024F7DE /* IAPProducts.swift */,
			);
			name = Model;
			sourceTree = "<group>";
		};
		726370801C44221100CA037E /* View */ = {
			isa = PBXGroup;
			children = (
				726370811C44223600CA037E /* PainView.swift */,
				72DD911A1C4AACF500E35657 /* SleepView.swift */,
				72DD911E1C4AAD8E00E35657 /* FunctionalityView.swift */,
				72241C291C78B50A00345B20 /* ProgressView.swift */,
			);
			name = View;
			sourceTree = "<group>";
		};
/* End PBXGroup section */

/* Begin PBXNativeTarget section */
		721847B01BD7B60D004CAC70 /* healthTexter */ = {
			isa = PBXNativeTarget;
			buildConfigurationList = 721847DC1BD7B60D004CAC70 /* Build configuration list for PBXNativeTarget "healthTexter" */;
			buildPhases = (
				721847AD1BD7B60D004CAC70 /* Sources */,
				721847AE1BD7B60D004CAC70 /* Frameworks */,
				721847AF1BD7B60D004CAC70 /* Resources */,
			);
			buildRules = (
			);
			dependencies = (
			);
			name = healthTexter;
			productName = healthTexter;
			productReference = 721847B11BD7B60D004CAC70 /* healthTexter.app */;
			productType = "com.apple.product-type.application";
		};
		721847C71BD7B60D004CAC70 /* healthTexterTests */ = {
			isa = PBXNativeTarget;
			buildConfigurationList = 721847DF1BD7B60D004CAC70 /* Build configuration list for PBXNativeTarget "healthTexterTests" */;
			buildPhases = (
				721847C41BD7B60D004CAC70 /* Sources */,
				721847C51BD7B60D004CAC70 /* Frameworks */,
				721847C61BD7B60D004CAC70 /* Resources */,
			);
			buildRules = (
			);
			dependencies = (
				721847CA1BD7B60D004CAC70 /* PBXTargetDependency */,
			);
			name = healthTexterTests;
			productName = healthTexterTests;
			productReference = 721847C81BD7B60D004CAC70 /* healthTexterTests.xctest */;
			productType = "com.apple.product-type.bundle.unit-test";
		};
		721847D21BD7B60D004CAC70 /* healthTexterUITests */ = {
			isa = PBXNativeTarget;
			buildConfigurationList = 721847E21BD7B60D004CAC70 /* Build configuration list for PBXNativeTarget "healthTexterUITests" */;
			buildPhases = (
				721847CF1BD7B60D004CAC70 /* Sources */,
				721847D01BD7B60D004CAC70 /* Frameworks */,
				721847D11BD7B60D004CAC70 /* Resources */,
			);
			buildRules = (
			);
			dependencies = (
				721847D51BD7B60D004CAC70 /* PBXTargetDependency */,
			);
			name = healthTexterUITests;
			productName = healthTexterUITests;
			productReference = 721847D31BD7B60D004CAC70 /* healthTexterUITests.xctest */;
			productType = "com.apple.product-type.bundle.ui-testing";
		};
/* End PBXNativeTarget section */

/* Begin PBXProject section */
		721847A91BD7B60D004CAC70 /* Project object */ = {
			isa = PBXProject;
			attributes = {
				LastUpgradeCheck = 0700;
				ORGANIZATIONNAME = polarbear.gr;
				TargetAttributes = {
					721847B01BD7B60D004CAC70 = {
						CreatedOnToolsVersion = 7.0.1;
					};
					721847C71BD7B60D004CAC70 = {
						CreatedOnToolsVersion = 7.0.1;
						TestTargetID = 721847B01BD7B60D004CAC70;
					};
					721847D21BD7B60D004CAC70 = {
						CreatedOnToolsVersion = 7.0.1;
						TestTargetID = 721847B01BD7B60D004CAC70;
					};
				};
			};
			buildConfigurationList = 721847AC1BD7B60D004CAC70 /* Build configuration list for PBXProject "healthTexter" */;
			compatibilityVersion = "Xcode 3.2";
			developmentRegion = English;
			hasScannedForEncodings = 0;
			knownRegions = (
				en,
				Base,
			);
			mainGroup = 721847A81BD7B60D004CAC70;
			productRefGroup = 721847B21BD7B60D004CAC70 /* Products */;
			projectDirPath = "";
			projectRoot = "";
			targets = (
				721847B01BD7B60D004CAC70 /* healthTexter */,
				721847C71BD7B60D004CAC70 /* healthTexterTests */,
				721847D21BD7B60D004CAC70 /* healthTexterUITests */,
			);
		};
/* End PBXProject section */

/* Begin PBXResourcesBuildPhase section */
		721847AF1BD7B60D004CAC70 /* Resources */ = {
			isa = PBXResourcesBuildPhase;
			buildActionMask = 2147483647;
			files = (
				721847C21BD7B60D004CAC70 /* LaunchScreen.storyboard in Resources */,
				723573E61BEE8883008F8DF0 /* Main.storyboard in Resources */,
				721847BF1BD7B60D004CAC70 /* Assets.xcassets in Resources */,
			);
			runOnlyForDeploymentPostprocessing = 0;
		};
		721847C61BD7B60D004CAC70 /* Resources */ = {
			isa = PBXResourcesBuildPhase;
			buildActionMask = 2147483647;
			files = (
			);
			runOnlyForDeploymentPostprocessing = 0;
		};
		721847D11BD7B60D004CAC70 /* Resources */ = {
			isa = PBXResourcesBuildPhase;
			buildActionMask = 2147483647;
			files = (
			);
			runOnlyForDeploymentPostprocessing = 0;
		};
/* End PBXResourcesBuildPhase section */

/* Begin PBXSourcesBuildPhase section */
		721847AD1BD7B60D004CAC70 /* Sources */ = {
			isa = PBXSourcesBuildPhase;
			buildActionMask = 2147483647;
			files = (
				72AC3E901C8A17FD0024F7DE /* IAPHelper.swift in Sources */,
				72AC3E941C8B574B0024F7DE /* IAPProducts.swift in Sources */,
				72DD911F1C4AAD8E00E35657 /* FunctionalityView.swift in Sources */,
				725783F71C40FD320098F5BD /* Entry.swift in Sources */,
				7287ED6D1C527E2300DD057F /* Notification.swift in Sources */,
				72A239F21BD94750006F0436 /* HistoryEntryViewController.swift in Sources */,
				723573EA1BEE984D008F8DF0 /* StartViewController.swift in Sources */,
				721847B71BD7B60D004CAC70 /* TextViewController.swift in Sources */,
				721847B51BD7B60D004CAC70 /* AppDelegate.swift in Sources */,
				72DD911B1C4AACF500E35657 /* SleepView.swift in Sources */,
				72B195B31C3EDBB9005DC5D1 /* Theme.swift in Sources */,
				72190F611C6DCF1900168C80 /* HistoryViewCell.swift in Sources */,
				726370821C44223600CA037E /* PainView.swift in Sources */,
				72241C2A1C78B50A00345B20 /* ProgressView.swift in Sources */,
				723573E81BEE9725008F8DF0 /* RanksViewController.swift in Sources */,
				728088471C3848F000F55673 /* Constants.swift in Sources */,
				72F5C9E11C52AA17003B5EEF /* PreferencesViewController.swift in Sources */,
				721847BD1BD7B60D004CAC70 /* healthTexter.xcdatamodeld in Sources */,
				724667241C4A90D0002BB6F9 /* ProgressViewControllerExtension.swift in Sources */,
				725783FB1C40FF760098F5BD /* CoreDataStackManager.swift in Sources */,
				721847EA1BD80A70004CAC70 /* HistoryViewController.swift in Sources */,
				72460E081C38352D00AAD584 /* Date.swift in Sources */,
				721847E61BD7BAA0004CAC70 /* ProgressViewController.swift in Sources */,
			);
			runOnlyForDeploymentPostprocessing = 0;
		};
		721847C41BD7B60D004CAC70 /* Sources */ = {
			isa = PBXSourcesBuildPhase;
			buildActionMask = 2147483647;
			files = (
				727850B01C402CEA00481031 /* Theme.swift in Sources */,
				727850B21C402CEE00481031 /* Date.swift in Sources */,
				727850A81C402CCF00481031 /* Constants.swift in Sources */,
				727850AC1C402CD700481031 /* StartViewController.swift in Sources */,
				727850AE1C402CDB00481031 /* RanksViewController.swift in Sources */,
				72190F621C6DCF1900168C80 /* HistoryViewCell.swift in Sources */,
				725783FC1C40FF760098F5BD /* CoreDataStackManager.swift in Sources */,
				72DD91201C4AAD8E00E35657 /* FunctionalityView.swift in Sources */,
				72A239F31BD94750006F0436 /* HistoryEntryViewController.swift in Sources */,
				724667251C4A90D0002BB6F9 /* ProgressViewControllerExtension.swift in Sources */,
				726370851C44246400CA037E /* PainView.swift in Sources */,
				725783F81C40FD320098F5BD /* Entry.swift in Sources */,
				72F5C9E21C52AA17003B5EEF /* PreferencesViewController.swift in Sources */,
				72DD911C1C4AACF500E35657 /* SleepView.swift in Sources */,
				721847EB1BD80A70004CAC70 /* HistoryViewController.swift in Sources */,
				721847CD1BD7B60D004CAC70 /* healthTexterTests.swift in Sources */,
				721847E71BD7BAA0004CAC70 /* ProgressViewController.swift in Sources */,
				72AC3E951C8B574B0024F7DE /* IAPProducts.swift in Sources */,
				72241C2B1C78B50A00345B20 /* ProgressView.swift in Sources */,
				727850AA1C402CD300481031 /* TextViewController.swift in Sources */,
				72AC3E911C8A17FD0024F7DE /* IAPHelper.swift in Sources */,
				7287ED6E1C527E2300DD057F /* Notification.swift in Sources */,
			);
			runOnlyForDeploymentPostprocessing = 0;
		};
		721847CF1BD7B60D004CAC70 /* Sources */ = {
			isa = PBXSourcesBuildPhase;
			buildActionMask = 2147483647;
			files = (
				727850B11C402CEB00481031 /* Theme.swift in Sources */,
				727850B31C402CEF00481031 /* Date.swift in Sources */,
				727850A91C402CD000481031 /* Constants.swift in Sources */,
				727850AD1C402CD800481031 /* StartViewController.swift in Sources */,
				727850AF1C402CDC00481031 /* RanksViewController.swift in Sources */,
				72190F631C6DCF1900168C80 /* HistoryViewCell.swift in Sources */,
				725783FD1C40FF760098F5BD /* CoreDataStackManager.swift in Sources */,
				72DD91211C4AAD8E00E35657 /* FunctionalityView.swift in Sources */,
				72A239F41BD94750006F0436 /* HistoryEntryViewController.swift in Sources */,
				724667261C4A90D0002BB6F9 /* ProgressViewControllerExtension.swift in Sources */,
				726370861C44246500CA037E /* PainView.swift in Sources */,
				725783F91C40FD320098F5BD /* Entry.swift in Sources */,
				72F5C9E31C52AA17003B5EEF /* PreferencesViewController.swift in Sources */,
				72DD911D1C4AACF500E35657 /* SleepView.swift in Sources */,
				721847EC1BD80A70004CAC70 /* HistoryViewController.swift in Sources */,
				721847D81BD7B60D004CAC70 /* healthTexterUITests.swift in Sources */,
				721847E81BD7BAA0004CAC70 /* ProgressViewController.swift in Sources */,
				72AC3E961C8B574B0024F7DE /* IAPProducts.swift in Sources */,
				72241C2C1C78B50A00345B20 /* ProgressView.swift in Sources */,
				727850AB1C402CD400481031 /* TextViewController.swift in Sources */,
				72AC3E921C8A17FD0024F7DE /* IAPHelper.swift in Sources */,
				7287ED6F1C527E2300DD057F /* Notification.swift in Sources */,
			);
			runOnlyForDeploymentPostprocessing = 0;
		};
/* End PBXSourcesBuildPhase section */

/* Begin PBXTargetDependency section */
		721847CA1BD7B60D004CAC70 /* PBXTargetDependency */ = {
			isa = PBXTargetDependency;
			target = 721847B01BD7B60D004CAC70 /* healthTexter */;
			targetProxy = 721847C91BD7B60D004CAC70 /* PBXContainerItemProxy */;
		};
		721847D51BD7B60D004CAC70 /* PBXTargetDependency */ = {
			isa = PBXTargetDependency;
			target = 721847B01BD7B60D004CAC70 /* healthTexter */;
			targetProxy = 721847D41BD7B60D004CAC70 /* PBXContainerItemProxy */;
		};
/* End PBXTargetDependency section */

/* Begin PBXVariantGroup section */
		721847C01BD7B60D004CAC70 /* LaunchScreen.storyboard */ = {
			isa = PBXVariantGroup;
			children = (
				721847C11BD7B60D004CAC70 /* Base */,
			);
			name = LaunchScreen.storyboard;
			sourceTree = "<group>";
		};
/* End PBXVariantGroup section */

/* Begin XCBuildConfiguration section */
		721847DA1BD7B60D004CAC70 /* Debug */ = {
			isa = XCBuildConfiguration;
			buildSettings = {
				ALWAYS_SEARCH_USER_PATHS = NO;
				CLANG_CXX_LANGUAGE_STANDARD = "gnu++0x";
				CLANG_CXX_LIBRARY = "libc++";
				CLANG_ENABLE_MODULES = YES;
				CLANG_ENABLE_OBJC_ARC = YES;
				CLANG_WARN_BOOL_CONVERSION = YES;
				CLANG_WARN_CONSTANT_CONVERSION = YES;
				CLANG_WARN_DIRECT_OBJC_ISA_USAGE = YES_ERROR;
				CLANG_WARN_EMPTY_BODY = YES;
				CLANG_WARN_ENUM_CONVERSION = YES;
				CLANG_WARN_INT_CONVERSION = YES;
				CLANG_WARN_OBJC_ROOT_CLASS = YES_ERROR;
				CLANG_WARN_UNREACHABLE_CODE = YES;
				CLANG_WARN__DUPLICATE_METHOD_MATCH = YES;
				"CODE_SIGN_IDENTITY[sdk=iphoneos*]" = "iPhone Developer";
				COPY_PHASE_STRIP = NO;
				DEBUG_INFORMATION_FORMAT = dwarf;
				ENABLE_STRICT_OBJC_MSGSEND = YES;
				ENABLE_TESTABILITY = YES;
				GCC_C_LANGUAGE_STANDARD = gnu99;
				GCC_DYNAMIC_NO_PIC = NO;
				GCC_NO_COMMON_BLOCKS = YES;
				GCC_OPTIMIZATION_LEVEL = 0;
				GCC_PREPROCESSOR_DEFINITIONS = (
					"DEBUG=1",
					"$(inherited)",
				);
				GCC_WARN_64_TO_32_BIT_CONVERSION = YES;
				GCC_WARN_ABOUT_RETURN_TYPE = YES_ERROR;
				GCC_WARN_UNDECLARED_SELECTOR = YES;
				GCC_WARN_UNINITIALIZED_AUTOS = YES_AGGRESSIVE;
				GCC_WARN_UNUSED_FUNCTION = YES;
				GCC_WARN_UNUSED_VARIABLE = YES;
				IPHONEOS_DEPLOYMENT_TARGET = 9.0;
				MTL_ENABLE_DEBUG_INFO = YES;
				ONLY_ACTIVE_ARCH = YES;
				SDKROOT = iphoneos;
				SWIFT_OPTIMIZATION_LEVEL = "-Onone";
			};
			name = Debug;
		};
		721847DB1BD7B60D004CAC70 /* Release */ = {
			isa = XCBuildConfiguration;
			buildSettings = {
				ALWAYS_SEARCH_USER_PATHS = NO;
				CLANG_CXX_LANGUAGE_STANDARD = "gnu++0x";
				CLANG_CXX_LIBRARY = "libc++";
				CLANG_ENABLE_MODULES = YES;
				CLANG_ENABLE_OBJC_ARC = YES;
				CLANG_WARN_BOOL_CONVERSION = YES;
				CLANG_WARN_CONSTANT_CONVERSION = YES;
				CLANG_WARN_DIRECT_OBJC_ISA_USAGE = YES_ERROR;
				CLANG_WARN_EMPTY_BODY = YES;
				CLANG_WARN_ENUM_CONVERSION = YES;
				CLANG_WARN_INT_CONVERSION = YES;
				CLANG_WARN_OBJC_ROOT_CLASS = YES_ERROR;
				CLANG_WARN_UNREACHABLE_CODE = YES;
				CLANG_WARN__DUPLICATE_METHOD_MATCH = YES;
				"CODE_SIGN_IDENTITY[sdk=iphoneos*]" = "iPhone Developer";
				COPY_PHASE_STRIP = NO;
				DEBUG_INFORMATION_FORMAT = "dwarf-with-dsym";
				ENABLE_NS_ASSERTIONS = NO;
				ENABLE_STRICT_OBJC_MSGSEND = YES;
				GCC_C_LANGUAGE_STANDARD = gnu99;
				GCC_NO_COMMON_BLOCKS = YES;
				GCC_WARN_64_TO_32_BIT_CONVERSION = YES;
				GCC_WARN_ABOUT_RETURN_TYPE = YES_ERROR;
				GCC_WARN_UNDECLARED_SELECTOR = YES;
				GCC_WARN_UNINITIALIZED_AUTOS = YES_AGGRESSIVE;
				GCC_WARN_UNUSED_FUNCTION = YES;
				GCC_WARN_UNUSED_VARIABLE = YES;
				IPHONEOS_DEPLOYMENT_TARGET = 9.0;
				MTL_ENABLE_DEBUG_INFO = NO;
				SDKROOT = iphoneos;
				VALIDATE_PRODUCT = YES;
			};
			name = Release;
		};
		721847DD1BD7B60D004CAC70 /* Debug */ = {
			isa = XCBuildConfiguration;
			buildSettings = {
				ASSETCATALOG_COMPILER_APPICON_NAME = AppIcon;
				INFOPLIST_FILE = healthTexter/Info.plist;
				LD_RUNPATH_SEARCH_PATHS = "$(inherited) @executable_path/Frameworks";
				PRODUCT_BUNDLE_IDENTIFIER = gr.polarbear.healthTexter;
				PRODUCT_NAME = "$(TARGET_NAME)";
			};
			name = Debug;
		};
		721847DE1BD7B60D004CAC70 /* Release */ = {
			isa = XCBuildConfiguration;
			buildSettings = {
				ASSETCATALOG_COMPILER_APPICON_NAME = AppIcon;
				INFOPLIST_FILE = healthTexter/Info.plist;
				LD_RUNPATH_SEARCH_PATHS = "$(inherited) @executable_path/Frameworks";
				PRODUCT_BUNDLE_IDENTIFIER = gr.polarbear.healthTexter;
				PRODUCT_NAME = "$(TARGET_NAME)";
			};
			name = Release;
		};
		721847E01BD7B60D004CAC70 /* Debug */ = {
			isa = XCBuildConfiguration;
			buildSettings = {
				BUNDLE_LOADER = "$(TEST_HOST)";
				INFOPLIST_FILE = healthTexterTests/Info.plist;
				LD_RUNPATH_SEARCH_PATHS = "$(inherited) @executable_path/Frameworks @loader_path/Frameworks";
				PRODUCT_BUNDLE_IDENTIFIER = gr.polarbear.healthTexterTests;
				PRODUCT_NAME = "$(TARGET_NAME)";
				TEST_HOST = "$(BUILT_PRODUCTS_DIR)/healthTexter.app/healthTexter";
			};
			name = Debug;
		};
		721847E11BD7B60D004CAC70 /* Release */ = {
			isa = XCBuildConfiguration;
			buildSettings = {
				BUNDLE_LOADER = "$(TEST_HOST)";
				INFOPLIST_FILE = healthTexterTests/Info.plist;
				LD_RUNPATH_SEARCH_PATHS = "$(inherited) @executable_path/Frameworks @loader_path/Frameworks";
				PRODUCT_BUNDLE_IDENTIFIER = gr.polarbear.healthTexterTests;
				PRODUCT_NAME = "$(TARGET_NAME)";
				TEST_HOST = "$(BUILT_PRODUCTS_DIR)/healthTexter.app/healthTexter";
			};
			name = Release;
		};
		721847E31BD7B60D004CAC70 /* Debug */ = {
			isa = XCBuildConfiguration;
			buildSettings = {
				INFOPLIST_FILE = healthTexterUITests/Info.plist;
				LD_RUNPATH_SEARCH_PATHS = "$(inherited) @executable_path/Frameworks @loader_path/Frameworks";
				PRODUCT_BUNDLE_IDENTIFIER = gr.polarbear.healthTexterUITests;
				PRODUCT_NAME = "$(TARGET_NAME)";
				TEST_TARGET_NAME = healthTexter;
				USES_XCTRUNNER = YES;
			};
			name = Debug;
		};
		721847E41BD7B60D004CAC70 /* Release */ = {
			isa = XCBuildConfiguration;
			buildSettings = {
				INFOPLIST_FILE = healthTexterUITests/Info.plist;
				LD_RUNPATH_SEARCH_PATHS = "$(inherited) @executable_path/Frameworks @loader_path/Frameworks";
				PRODUCT_BUNDLE_IDENTIFIER = gr.polarbear.healthTexterUITests;
				PRODUCT_NAME = "$(TARGET_NAME)";
				TEST_TARGET_NAME = healthTexter;
				USES_XCTRUNNER = YES;
			};
			name = Release;
		};
/* End XCBuildConfiguration section */

/* Begin XCConfigurationList section */
		721847AC1BD7B60D004CAC70 /* Build configuration list for PBXProject "healthTexter" */ = {
			isa = XCConfigurationList;
			buildConfigurations = (
				721847DA1BD7B60D004CAC70 /* Debug */,
				721847DB1BD7B60D004CAC70 /* Release */,
			);
			defaultConfigurationIsVisible = 0;
			defaultConfigurationName = Release;
		};
		721847DC1BD7B60D004CAC70 /* Build configuration list for PBXNativeTarget "healthTexter" */ = {
			isa = XCConfigurationList;
			buildConfigurations = (
				721847DD1BD7B60D004CAC70 /* Debug */,
				721847DE1BD7B60D004CAC70 /* Release */,
			);
			defaultConfigurationIsVisible = 0;
			defaultConfigurationName = Release;
		};
		721847DF1BD7B60D004CAC70 /* Build configuration list for PBXNativeTarget "healthTexterTests" */ = {
			isa = XCConfigurationList;
			buildConfigurations = (
				721847E01BD7B60D004CAC70 /* Debug */,
				721847E11BD7B60D004CAC70 /* Release */,
			);
			defaultConfigurationIsVisible = 0;
			defaultConfigurationName = Release;
		};
		721847E21BD7B60D004CAC70 /* Build configuration list for PBXNativeTarget "healthTexterUITests" */ = {
			isa = XCConfigurationList;
			buildConfigurations = (
				721847E31BD7B60D004CAC70 /* Debug */,
				721847E41BD7B60D004CAC70 /* Release */,
			);
			defaultConfigurationIsVisible = 0;
			defaultConfigurationName = Release;
		};
/* End XCConfigurationList section */

/* Begin XCVersionGroup section */
		721847BB1BD7B60D004CAC70 /* healthTexter.xcdatamodeld */ = {
			isa = XCVersionGroup;
			children = (
				721847BC1BD7B60D004CAC70 /* healthTexter.xcdatamodel */,
			);
			currentVersion = 721847BC1BD7B60D004CAC70 /* healthTexter.xcdatamodel */;
			path = healthTexter.xcdatamodeld;
			sourceTree = "<group>";
			versionGroupType = wrapper.xcdatamodel;
		};
/* End XCVersionGroup section */
	};
	rootObject = 721847A91BD7B60D004CAC70 /* Project object */;
}
